
Microsoft Visual Studio Solution File, Format Version 12.00
# Visual Studio 15
VisualStudioVersion = 15.0.27428.2043
MinimumVisualStudioVersion = 10.0.40219.1
Project("{FAE04EC0-301F-11D3-BF4B-00C04F79EFBC}") = "CapTaskList", "CapTaskList\CapTaskList.csproj", "{86E73965-BF28-4AFE-AAE7-7933EC4315A1}"
EndProject
Global
	GlobalSection(SolutionConfigurationPlatforms) = preSolution
		Debug|Any CPU = Debug|Any CPU
		Release|Any CPU = Release|Any CPU
	EndGlobalSection
	GlobalSection(ProjectConfigurationPlatforms) = postSolution
		{86E73965-BF28-4AFE-AAE7-7933EC4315A1}.Debug|Any CPU.ActiveCfg = Debug|Any CPU
		{86E73965-BF28-4AFE-AAE7-7933EC4315A1}.Debug|Any CPU.Build.0 = Debug|Any CPU
		{86E73965-BF28-4AFE-AAE7-7933EC4315A1}.Release|Any CPU.ActiveCfg = Release|Any CPU
		{86E73965-BF28-4AFE-AAE7-7933EC4315A1}.Release|Any CPU.Build.0 = Release|Any CPU
	EndGlobalSection
	GlobalSection(SolutionProperties) = preSolution
		HideSolutionNode = FALSE
	EndGlobalSection
	GlobalSection(ExtensibilityGlobals) = postSolution
		SolutionGuid = {1B32C1DC-C9E3-4F31-B94D-785D1FD275AE}
	EndGlobalSection
EndGlobal
